{
  "pins" : [
    {
      "identity" : "ios-sdk",
      "kind" : "remoteSourceControl",
      "location" : "https://github.com/AdsxGrowth/ios-sdk.git",
      "state" : {
        "revision" : "de2374c3789bf0b2f4a503eb8717c4c2429673e7",
        "version" : "1.6.1"
      }
    }
  ],
  "version" : 2
}
