{
  "pins" : [
    {
      "identity" : "ios-sdk",
      "kind" : "remoteSourceControl",
      "location" : "https://github.com/razorpayads/ios-sdk.git",
      "state" : {
        "revision" : "910a080952230b69964ae2225af982bfda63211a",
        "version" : "1.5.8"
      }
    }
  ],
  "version" : 2
}
